
Microsoft Visual Studio Solution File, Format Version 12.00
# Visual Studio 15
VisualStudioVersion = 15.0.28010.2003
MinimumVisualStudioVersion = 10.0.40219.1
Project("{FAE04EC0-301F-11D3-BF4B-00C04F79EFBC}") = "Itau.SE4.Business", "Itau.SE4.Business\Itau.SE4.Business.csproj", "{308852FB-98F9-4D4B-84B1-FA9969F1CC6F}"
EndProject
Project("{FAE04EC0-301F-11D3-BF4B-00C04F79EFBC}") = "Itau.SE4.Services", "Itau.SE4.Services\Itau.SE4.Services.csproj", "{84090D2C-FD9F-47B4-8B4F-5D96533A5F7A}"
EndProject
Project("{2150E333-8FDC-42A3-9474-1A3956D46DE8}") = "App", "App", "{B32EC7EA-02B8-4DFE-9901-7B0512456CFE}"
EndProject
Project("{2150E333-8FDC-42A3-9474-1A3956D46DE8}") = "Domain", "Domain", "{DD0CD901-A92D-4867-8C7D-7030B91747B6}"
EndProject
Project("{2150E333-8FDC-42A3-9474-1A3956D46DE8}") = "Business", "Business", "{022ED93F-7E51-47AB-86DB-5DBD5020E6F1}"
EndProject
Project("{2150E333-8FDC-42A3-9474-1A3956D46DE8}") = "Service", "Service", "{02A285D1-E66B-4B22-B598-4633BC475A40}"
EndProject
Project("{2150E333-8FDC-42A3-9474-1A3956D46DE8}") = "Infra", "Infra", "{28B6C144-F96A-4CEF-A0C4-4F40F8F3FC44}"
EndProject
Project("{FAE04EC0-301F-11D3-BF4B-00C04F79EFBC}") = "Itau.SE4.Log", "Itau.SE4.Log\Itau.SE4.Log.csproj", "{E588D013-4206-4782-8231-C985D38989D7}"
EndProject
Project("{FAE04EC0-301F-11D3-BF4B-00C04F79EFBC}") = "Itau.SE4.Security", "Itau.SE4.Security\Itau.SE4.Security.csproj", "{F4E7887B-5A5A-4117-A234-A0FC1E9A2A39}"
EndProject
Project("{FAE04EC0-301F-11D3-BF4B-00C04F79EFBC}") = "Itau.SE4.CrossCulting", "Itau.SE4.CrossCulting\Itau.SE4.CrossCulting.csproj", "{2D4F1773-E4F3-448E-BBF9-A632F93DB208}"
EndProject
Project("{FAE04EC0-301F-11D3-BF4B-00C04F79EFBC}") = "Itau.SE4.Entities", "Itau.SE4.Entities\Itau.SE4.Entities.csproj", "{D0FB9328-8207-45BC-B896-9628CF4BC973}"
EndProject
Project("{FAE04EC0-301F-11D3-BF4B-00C04F79EFBC}") = "Itau.SE4.Repository", "Itau.SE4.Repository\Itau.SE4.Repository.csproj", "{D536E7C0-FFDB-49B9-87DD-506195691077}"
EndProject
Project("{2150E333-8FDC-42A3-9474-1A3956D46DE8}") = "Tests", "Tests", "{D41F890E-F35D-40CE-BB5E-0A321EFE5AF3}"
EndProject
Project("{FAE04EC0-301F-11D3-BF4B-00C04F79EFBC}") = "UnitTests", "UnitTests\UnitTests.csproj", "{C1AB8975-26A5-494F-B90B-3AC3566498CA}"
EndProject
Project("{FAE04EC0-301F-11D3-BF4B-00C04F79EFBC}") = "IntegrationTests", "IntegrationTests\IntegrationTests.csproj", "{0F08DB4B-5872-4A93-929E-2C1A5121F76D}"
EndProject
Project("{FAE04EC0-301F-11D3-BF4B-00C04F79EFBC}") = "ComponentsTests", "ComponentsTests\ComponentsTests.csproj", "{8C70D88B-BCD1-4D26-A9D9-A8A34E2F2481}"
EndProject
Project("{FAE04EC0-301F-11D3-BF4B-00C04F79EFBC}") = "Itau.SE4.App", "Itau.SE4.App\Itau.SE4.App.csproj", "{E5DC24A0-5079-4D5E-9D6E-597446188600}"
EndProject
Project("{FAE04EC0-301F-11D3-BF4B-00C04F79EFBC}") = "Itau.SE4.Commons", "Itau.SE4.Commons\Itau.SE4.Commons.csproj", "{3B3B56B8-E9D9-4627-9685-680E66F34842}"
EndProject
Project("{2150E333-8FDC-42A3-9474-1A3956D46DE8}") = "Commons", "Commons", "{4FA651E3-D503-4533-B3D1-90029F8CF095}"
EndProject
Global
	GlobalSection(SolutionConfigurationPlatforms) = preSolution
		Debug|Any CPU = Debug|Any CPU
		Release|Any CPU = Release|Any CPU
	EndGlobalSection
	GlobalSection(ProjectConfigurationPlatforms) = postSolution
		{308852FB-98F9-4D4B-84B1-FA9969F1CC6F}.Debug|Any CPU.ActiveCfg = Debug|Any CPU
		{308852FB-98F9-4D4B-84B1-FA9969F1CC6F}.Debug|Any CPU.Build.0 = Debug|Any CPU
		{308852FB-98F9-4D4B-84B1-FA9969F1CC6F}.Release|Any CPU.ActiveCfg = Release|Any CPU
		{308852FB-98F9-4D4B-84B1-FA9969F1CC6F}.Release|Any CPU.Build.0 = Release|Any CPU
		{84090D2C-FD9F-47B4-8B4F-5D96533A5F7A}.Debug|Any CPU.ActiveCfg = Debug|Any CPU
		{84090D2C-FD9F-47B4-8B4F-5D96533A5F7A}.Debug|Any CPU.Build.0 = Debug|Any CPU
		{84090D2C-FD9F-47B4-8B4F-5D96533A5F7A}.Release|Any CPU.ActiveCfg = Release|Any CPU
		{84090D2C-FD9F-47B4-8B4F-5D96533A5F7A}.Release|Any CPU.Build.0 = Release|Any CPU
		{E588D013-4206-4782-8231-C985D38989D7}.Debug|Any CPU.ActiveCfg = Debug|Any CPU
		{E588D013-4206-4782-8231-C985D38989D7}.Debug|Any CPU.Build.0 = Debug|Any CPU
		{E588D013-4206-4782-8231-C985D38989D7}.Release|Any CPU.ActiveCfg = Release|Any CPU
		{E588D013-4206-4782-8231-C985D38989D7}.Release|Any CPU.Build.0 = Release|Any CPU
		{F4E7887B-5A5A-4117-A234-A0FC1E9A2A39}.Debug|Any CPU.ActiveCfg = Debug|Any CPU
		{F4E7887B-5A5A-4117-A234-A0FC1E9A2A39}.Debug|Any CPU.Build.0 = Debug|Any CPU
		{F4E7887B-5A5A-4117-A234-A0FC1E9A2A39}.Release|Any CPU.ActiveCfg = Release|Any CPU
		{F4E7887B-5A5A-4117-A234-A0FC1E9A2A39}.Release|Any CPU.Build.0 = Release|Any CPU
		{2D4F1773-E4F3-448E-BBF9-A632F93DB208}.Debug|Any CPU.ActiveCfg = Debug|Any CPU
		{2D4F1773-E4F3-448E-BBF9-A632F93DB208}.Debug|Any CPU.Build.0 = Debug|Any CPU
		{2D4F1773-E4F3-448E-BBF9-A632F93DB208}.Release|Any CPU.ActiveCfg = Release|Any CPU
		{2D4F1773-E4F3-448E-BBF9-A632F93DB208}.Release|Any CPU.Build.0 = Release|Any CPU
		{D0FB9328-8207-45BC-B896-9628CF4BC973}.Debug|Any CPU.ActiveCfg = Debug|Any CPU
		{D0FB9328-8207-45BC-B896-9628CF4BC973}.Debug|Any CPU.Build.0 = Debug|Any CPU
		{D0FB9328-8207-45BC-B896-9628CF4BC973}.Release|Any CPU.ActiveCfg = Release|Any CPU
		{D0FB9328-8207-45BC-B896-9628CF4BC973}.Release|Any CPU.Build.0 = Release|Any CPU
		{D536E7C0-FFDB-49B9-87DD-506195691077}.Debug|Any CPU.ActiveCfg = Debug|Any CPU
		{D536E7C0-FFDB-49B9-87DD-506195691077}.Debug|Any CPU.Build.0 = Debug|Any CPU
		{D536E7C0-FFDB-49B9-87DD-506195691077}.Release|Any CPU.ActiveCfg = Release|Any CPU
		{D536E7C0-FFDB-49B9-87DD-506195691077}.Release|Any CPU.Build.0 = Release|Any CPU
		{C1AB8975-26A5-494F-B90B-3AC3566498CA}.Debug|Any CPU.ActiveCfg = Debug|Any CPU
		{C1AB8975-26A5-494F-B90B-3AC3566498CA}.Debug|Any CPU.Build.0 = Debug|Any CPU
		{C1AB8975-26A5-494F-B90B-3AC3566498CA}.Release|Any CPU.ActiveCfg = Release|Any CPU
		{C1AB8975-26A5-494F-B90B-3AC3566498CA}.Release|Any CPU.Build.0 = Release|Any CPU
		{0F08DB4B-5872-4A93-929E-2C1A5121F76D}.Debug|Any CPU.ActiveCfg = Debug|Any CPU
		{0F08DB4B-5872-4A93-929E-2C1A5121F76D}.Debug|Any CPU.Build.0 = Debug|Any CPU
		{0F08DB4B-5872-4A93-929E-2C1A5121F76D}.Release|Any CPU.ActiveCfg = Release|Any CPU
		{0F08DB4B-5872-4A93-929E-2C1A5121F76D}.Release|Any CPU.Build.0 = Release|Any CPU
		{8C70D88B-BCD1-4D26-A9D9-A8A34E2F2481}.Debug|Any CPU.ActiveCfg = Debug|Any CPU
		{8C70D88B-BCD1-4D26-A9D9-A8A34E2F2481}.Debug|Any CPU.Build.0 = Debug|Any CPU
		{8C70D88B-BCD1-4D26-A9D9-A8A34E2F2481}.Release|Any CPU.ActiveCfg = Release|Any CPU
		{8C70D88B-BCD1-4D26-A9D9-A8A34E2F2481}.Release|Any CPU.Build.0 = Release|Any CPU
		{E5DC24A0-5079-4D5E-9D6E-597446188600}.Debug|Any CPU.ActiveCfg = Debug|Any CPU
		{E5DC24A0-5079-4D5E-9D6E-597446188600}.Debug|Any CPU.Build.0 = Debug|Any CPU
		{E5DC24A0-5079-4D5E-9D6E-597446188600}.Release|Any CPU.ActiveCfg = Release|Any CPU
		{E5DC24A0-5079-4D5E-9D6E-597446188600}.Release|Any CPU.Build.0 = Release|Any CPU
		{3B3B56B8-E9D9-4627-9685-680E66F34842}.Debug|Any CPU.ActiveCfg = Debug|Any CPU
		{3B3B56B8-E9D9-4627-9685-680E66F34842}.Debug|Any CPU.Build.0 = Debug|Any CPU
		{3B3B56B8-E9D9-4627-9685-680E66F34842}.Release|Any CPU.ActiveCfg = Release|Any CPU
		{3B3B56B8-E9D9-4627-9685-680E66F34842}.Release|Any CPU.Build.0 = Release|Any CPU
	EndGlobalSection
	GlobalSection(SolutionProperties) = preSolution
		HideSolutionNode = FALSE
	EndGlobalSection
	GlobalSection(NestedProjects) = preSolution
		{308852FB-98F9-4D4B-84B1-FA9969F1CC6F} = {022ED93F-7E51-47AB-86DB-5DBD5020E6F1}
		{84090D2C-FD9F-47B4-8B4F-5D96533A5F7A} = {02A285D1-E66B-4B22-B598-4633BC475A40}
		{E588D013-4206-4782-8231-C985D38989D7} = {4FA651E3-D503-4533-B3D1-90029F8CF095}
		{F4E7887B-5A5A-4117-A234-A0FC1E9A2A39} = {28B6C144-F96A-4CEF-A0C4-4F40F8F3FC44}
		{2D4F1773-E4F3-448E-BBF9-A632F93DB208} = {4FA651E3-D503-4533-B3D1-90029F8CF095}
		{D0FB9328-8207-45BC-B896-9628CF4BC973} = {DD0CD901-A92D-4867-8C7D-7030B91747B6}
		{D536E7C0-FFDB-49B9-87DD-506195691077} = {28B6C144-F96A-4CEF-A0C4-4F40F8F3FC44}
		{C1AB8975-26A5-494F-B90B-3AC3566498CA} = {D41F890E-F35D-40CE-BB5E-0A321EFE5AF3}
		{0F08DB4B-5872-4A93-929E-2C1A5121F76D} = {D41F890E-F35D-40CE-BB5E-0A321EFE5AF3}
		{8C70D88B-BCD1-4D26-A9D9-A8A34E2F2481} = {D41F890E-F35D-40CE-BB5E-0A321EFE5AF3}
		{E5DC24A0-5079-4D5E-9D6E-597446188600} = {B32EC7EA-02B8-4DFE-9901-7B0512456CFE}
		{3B3B56B8-E9D9-4627-9685-680E66F34842} = {4FA651E3-D503-4533-B3D1-90029F8CF095}
	EndGlobalSection
	GlobalSection(ExtensibilityGlobals) = postSolution
		SolutionGuid = {F1679F45-8745-490A-8D65-1A30F087DB53}
	EndGlobalSection
EndGlobal
