
Microsoft Visual Studio Solution File, Format Version 12.00
# Visual Studio 15
VisualStudioVersion = 15.0.28010.2003
MinimumVisualStudioVersion = 10.0.40219.1
Project("{9A19103F-16F7-4668-BE54-9A1E7A4F7556}") = "Patterns", "Patterns\Patterns.csproj", "{A9530220-1BC4-4A9C-9118-C16EB8081807}"
EndProject
Project("{9A19103F-16F7-4668-BE54-9A1E7A4F7556}") = "Factory", "Factory\Factory.csproj", "{C325713B-CCBA-4010-ACA7-C7A878DA0012}"
EndProject
Project("{FAE04EC0-301F-11D3-BF4B-00C04F79EFBC}") = "MapperDTO", "MapperDTO\MapperDTO.csproj", "{FA33697B-00D5-4929-96C3-22504AC82E94}"
EndProject
Global
	GlobalSection(SolutionConfigurationPlatforms) = preSolution
		Debug|Any CPU = Debug|Any CPU
		Release|Any CPU = Release|Any CPU
	EndGlobalSection
	GlobalSection(ProjectConfigurationPlatforms) = postSolution
		{A9530220-1BC4-4A9C-9118-C16EB8081807}.Debug|Any CPU.ActiveCfg = Debug|Any CPU
		{A9530220-1BC4-4A9C-9118-C16EB8081807}.Debug|Any CPU.Build.0 = Debug|Any CPU
		{A9530220-1BC4-4A9C-9118-C16EB8081807}.Release|Any CPU.ActiveCfg = Release|Any CPU
		{A9530220-1BC4-4A9C-9118-C16EB8081807}.Release|Any CPU.Build.0 = Release|Any CPU
		{C325713B-CCBA-4010-ACA7-C7A878DA0012}.Debug|Any CPU.ActiveCfg = Debug|Any CPU
		{C325713B-CCBA-4010-ACA7-C7A878DA0012}.Debug|Any CPU.Build.0 = Debug|Any CPU
		{C325713B-CCBA-4010-ACA7-C7A878DA0012}.Release|Any CPU.ActiveCfg = Release|Any CPU
		{C325713B-CCBA-4010-ACA7-C7A878DA0012}.Release|Any CPU.Build.0 = Release|Any CPU
		{FA33697B-00D5-4929-96C3-22504AC82E94}.Debug|Any CPU.ActiveCfg = Debug|Any CPU
		{FA33697B-00D5-4929-96C3-22504AC82E94}.Debug|Any CPU.Build.0 = Debug|Any CPU
		{FA33697B-00D5-4929-96C3-22504AC82E94}.Release|Any CPU.ActiveCfg = Release|Any CPU
		{FA33697B-00D5-4929-96C3-22504AC82E94}.Release|Any CPU.Build.0 = Release|Any CPU
	EndGlobalSection
	GlobalSection(SolutionProperties) = preSolution
		HideSolutionNode = FALSE
	EndGlobalSection
	GlobalSection(ExtensibilityGlobals) = postSolution
		SolutionGuid = {0C469302-5904-4A14-824B-08B970278FD6}
	EndGlobalSection
EndGlobal
