
Microsoft Visual Studio Solution File, Format Version 12.00
# Visual Studio 15
VisualStudioVersion = 15.0.28010.2003
MinimumVisualStudioVersion = 10.0.40219.1
Project("{FAE04EC0-301F-11D3-BF4B-00C04F79EFBC}") = "Tier.Console", "Tier.Console\Tier.Console.csproj", "{CEB84618-67BF-4C40-84A0-A004884D08FE}"
EndProject
Project("{2150E333-8FDC-42A3-9474-1A3956D46DE8}") = "Tests", "Tests", "{2F436289-8EF6-4F0C-8814-7AC141B03DD9}"
EndProject
Project("{FAE04EC0-301F-11D3-BF4B-00C04F79EFBC}") = "UnitTests", "UnitTests\UnitTests.csproj", "{975DE1A7-CB76-4583-9654-FD99E76CC6C9}"
EndProject
Project("{FAE04EC0-301F-11D3-BF4B-00C04F79EFBC}") = "Tier.Business", "Tier.Business\Tier.Business.csproj", "{EE64EB6E-D62E-4216-B4A0-2EEC3CA7792D}"
EndProject
Project("{FAE04EC0-301F-11D3-BF4B-00C04F79EFBC}") = "Tier.Service", "Tier.Service\Tier.Service.csproj", "{610C7CD1-0433-43F3-BD86-5CF2DBB05CB4}"
EndProject
Project("{FAE04EC0-301F-11D3-BF4B-00C04F79EFBC}") = "Tier.Repository", "Tier.Repository\Tier.Repository.csproj", "{7EF09166-D7EF-4770-9F4F-B9EF5B4074FE}"
EndProject
Project("{FAE04EC0-301F-11D3-BF4B-00C04F79EFBC}") = "Tier.Common", "Tier.Common\Tier.Common.csproj", "{6D9B6541-16B7-499B-B0CB-46948ABBEDE2}"
EndProject
Project("{FAE04EC0-301F-11D3-BF4B-00C04F79EFBC}") = "Tier.Entities", "Tier.Entities\Tier.Entities.csproj", "{284BD69B-8C15-478A-826D-040AC9A38905}"
EndProject
Global
	GlobalSection(SolutionConfigurationPlatforms) = preSolution
		Debug|Any CPU = Debug|Any CPU
		Release|Any CPU = Release|Any CPU
	EndGlobalSection
	GlobalSection(ProjectConfigurationPlatforms) = postSolution
		{CEB84618-67BF-4C40-84A0-A004884D08FE}.Debug|Any CPU.ActiveCfg = Debug|Any CPU
		{CEB84618-67BF-4C40-84A0-A004884D08FE}.Debug|Any CPU.Build.0 = Debug|Any CPU
		{CEB84618-67BF-4C40-84A0-A004884D08FE}.Release|Any CPU.ActiveCfg = Release|Any CPU
		{CEB84618-67BF-4C40-84A0-A004884D08FE}.Release|Any CPU.Build.0 = Release|Any CPU
		{975DE1A7-CB76-4583-9654-FD99E76CC6C9}.Debug|Any CPU.ActiveCfg = Debug|Any CPU
		{975DE1A7-CB76-4583-9654-FD99E76CC6C9}.Debug|Any CPU.Build.0 = Debug|Any CPU
		{975DE1A7-CB76-4583-9654-FD99E76CC6C9}.Release|Any CPU.ActiveCfg = Release|Any CPU
		{975DE1A7-CB76-4583-9654-FD99E76CC6C9}.Release|Any CPU.Build.0 = Release|Any CPU
		{EE64EB6E-D62E-4216-B4A0-2EEC3CA7792D}.Debug|Any CPU.ActiveCfg = Debug|Any CPU
		{EE64EB6E-D62E-4216-B4A0-2EEC3CA7792D}.Debug|Any CPU.Build.0 = Debug|Any CPU
		{EE64EB6E-D62E-4216-B4A0-2EEC3CA7792D}.Release|Any CPU.ActiveCfg = Release|Any CPU
		{EE64EB6E-D62E-4216-B4A0-2EEC3CA7792D}.Release|Any CPU.Build.0 = Release|Any CPU
		{610C7CD1-0433-43F3-BD86-5CF2DBB05CB4}.Debug|Any CPU.ActiveCfg = Debug|Any CPU
		{610C7CD1-0433-43F3-BD86-5CF2DBB05CB4}.Debug|Any CPU.Build.0 = Debug|Any CPU
		{610C7CD1-0433-43F3-BD86-5CF2DBB05CB4}.Release|Any CPU.ActiveCfg = Release|Any CPU
		{610C7CD1-0433-43F3-BD86-5CF2DBB05CB4}.Release|Any CPU.Build.0 = Release|Any CPU
		{7EF09166-D7EF-4770-9F4F-B9EF5B4074FE}.Debug|Any CPU.ActiveCfg = Debug|Any CPU
		{7EF09166-D7EF-4770-9F4F-B9EF5B4074FE}.Debug|Any CPU.Build.0 = Debug|Any CPU
		{7EF09166-D7EF-4770-9F4F-B9EF5B4074FE}.Release|Any CPU.ActiveCfg = Release|Any CPU
		{7EF09166-D7EF-4770-9F4F-B9EF5B4074FE}.Release|Any CPU.Build.0 = Release|Any CPU
		{6D9B6541-16B7-499B-B0CB-46948ABBEDE2}.Debug|Any CPU.ActiveCfg = Debug|Any CPU
		{6D9B6541-16B7-499B-B0CB-46948ABBEDE2}.Debug|Any CPU.Build.0 = Debug|Any CPU
		{6D9B6541-16B7-499B-B0CB-46948ABBEDE2}.Release|Any CPU.ActiveCfg = Release|Any CPU
		{6D9B6541-16B7-499B-B0CB-46948ABBEDE2}.Release|Any CPU.Build.0 = Release|Any CPU
		{284BD69B-8C15-478A-826D-040AC9A38905}.Debug|Any CPU.ActiveCfg = Debug|Any CPU
		{284BD69B-8C15-478A-826D-040AC9A38905}.Debug|Any CPU.Build.0 = Debug|Any CPU
		{284BD69B-8C15-478A-826D-040AC9A38905}.Release|Any CPU.ActiveCfg = Release|Any CPU
		{284BD69B-8C15-478A-826D-040AC9A38905}.Release|Any CPU.Build.0 = Release|Any CPU
	EndGlobalSection
	GlobalSection(SolutionProperties) = preSolution
		HideSolutionNode = FALSE
	EndGlobalSection
	GlobalSection(NestedProjects) = preSolution
		{975DE1A7-CB76-4583-9654-FD99E76CC6C9} = {2F436289-8EF6-4F0C-8814-7AC141B03DD9}
	EndGlobalSection
	GlobalSection(ExtensibilityGlobals) = postSolution
		SolutionGuid = {591987C2-08BC-431E-8534-6F5471883F1E}
	EndGlobalSection
EndGlobal
